Microsoft Visual Studio Solution File, Format Version 12.00
# Visual Studio 2012
Project("{FAE04EC0-301F-11D3-BF4B-00C04F79EFBC}") = "2Darker", "2Darker.csproj", "{8297DD18-BAE9-43ED-8F90-7B39443669F5}"
EndProject
Global
	GlobalSection(SolutionConfigurationPlatforms) = preSolution
	Debug|Any CPU = Debug|Any CPU
	ExportDebug|Any CPU = ExportDebug|Any CPU
	ExportRelease|Any CPU = ExportRelease|Any CPU
	EndGlobalSection
	GlobalSection(ProjectConfigurationPlatforms) = postSolution
		{8297DD18-BAE9-43ED-8F90-7B39443669F5}.Debug|Any CPU.ActiveCfg = Debug|Any CPU
		{8297DD18-BAE9-43ED-8F90-7B39443669F5}.Debug|Any CPU.Build.0 = Debug|Any CPU
		{8297DD18-BAE9-43ED-8F90-7B39443669F5}.ExportDebug|Any CPU.ActiveCfg = ExportDebug|Any CPU
		{8297DD18-BAE9-43ED-8F90-7B39443669F5}.ExportDebug|Any CPU.Build.0 = ExportDebug|Any CPU
		{8297DD18-BAE9-43ED-8F90-7B39443669F5}.ExportRelease|Any CPU.ActiveCfg = ExportRelease|Any CPU
		{8297DD18-BAE9-43ED-8F90-7B39443669F5}.ExportRelease|Any CPU.Build.0 = ExportRelease|Any CPU
	EndGlobalSection
EndGlobal
